
Microsoft Visual Studio Solution File, Format Version 12.00
# Visual Studio Version 16
VisualStudioVersion = 16.0.32228.343
MinimumVisualStudioVersion = 10.0.40219.1
Project("{FAE04EC0-301F-11D3-BF4B-00C04F79EFBC}") = "CodeSamples", "CodeSamples\CodeSamples.csproj", "{EE4BC94D-DD39-4C23-B7BB-D95B37C71D6C}"
EndProject
Global
	GlobalSection(SolutionConfigurationPlatforms) = preSolution
		Debug|Any CPU = Debug|Any CPU
		Release|Any CPU = Release|Any CPU
	EndGlobalSection
	GlobalSection(ProjectConfigurationPlatforms) = postSolution
		{EE4BC94D-DD39-4C23-B7BB-D95B37C71D6C}.Debug|Any CPU.ActiveCfg = Debug|Any CPU
		{EE4BC94D-DD39-4C23-B7BB-D95B37C71D6C}.Debug|Any CPU.Build.0 = Debug|Any CPU
		{EE4BC94D-DD39-4C23-B7BB-D95B37C71D6C}.Release|Any CPU.ActiveCfg = Release|Any CPU
		{EE4BC94D-DD39-4C23-B7BB-D95B37C71D6C}.Release|Any CPU.Build.0 = Release|Any CPU
	EndGlobalSection
	GlobalSection(SolutionProperties) = preSolution
		HideSolutionNode = FALSE
	EndGlobalSection
	GlobalSection(ExtensibilityGlobals) = postSolution
		SolutionGuid = {D249B3D3-D0AA-4BB0-8BFA-D7BCC6D67809}
	EndGlobalSection
EndGlobal
